
Microsoft Visual Studio Solution File, Format Version 12.00
# Visual Studio Version 16
VisualStudioVersion = 16.0.29209.62
MinimumVisualStudioVersion = 10.0.40219.1
Project("{FAE04EC0-301F-11D3-BF4B-00C04F79EFBC}") = "WebApi3", "WebApi3\WebApi3.csproj", "{5DB90C9A-A757-42A9-8620-D86EBE8C6F88}"
EndProject
Global
	GlobalSection(SolutionConfigurationPlatforms) = preSolution
		Debug|Any CPU = Debug|Any CPU
		Release|Any CPU = Release|Any CPU
	EndGlobalSection
	GlobalSection(ProjectConfigurationPlatforms) = postSolution
		{5DB90C9A-A757-42A9-8620-D86EBE8C6F88}.Debug|Any CPU.ActiveCfg = Debug|Any CPU
		{5DB90C9A-A757-42A9-8620-D86EBE8C6F88}.Debug|Any CPU.Build.0 = Debug|Any CPU
		{5DB90C9A-A757-42A9-8620-D86EBE8C6F88}.Release|Any CPU.ActiveCfg = Release|Any CPU
		{5DB90C9A-A757-42A9-8620-D86EBE8C6F88}.Release|Any CPU.Build.0 = Release|Any CPU
	EndGlobalSection
	GlobalSection(SolutionProperties) = preSolution
		HideSolutionNode = FALSE
	EndGlobalSection
	GlobalSection(ExtensibilityGlobals) = postSolution
		SolutionGuid = {5BCD479A-4333-4CF9-AA24-24B588273857}
	EndGlobalSection
EndGlobal
